{
  "name": "@anio-software/enkore-private.common",
  "version": "0.0.136",
  "lockfileVersion": 3,
  "requires": true,
  "packages": {
    "": {
      "name": "@anio-software/enkore-private.common",
      "version": "0.0.136",
      "license": "MIT",
      "devDependencies": {
        "@anio-software/enkore": "^0.0.61",
        "@anio-software/enkore-private.spec": "^0.286.0",
        "@anio-software/enkore.core": "^0.10.0",
        "@anio-software/enkore.target-js": "^0.0.2-canary-69353116-2276e5c2",
        "@aniojs/node-fs": "^0.5.3"
      }
    },
    "node_modules/@anio-software/enkore": {
      "version": "0.0.61",
      "resolved": "https://npm-registry.anio.software/@anio-software/enkore/-/enkore-0.0.61.tgz",
      "integrity": "sha512-hJ+L3u3inZH4Po50/aTsDC8jVcs7RYlDQXWJr7CmpBUB3DZfqw6CVpuL74Sg/VbARRU4xgRYlxpaTlykPNYuOA==",
      "dev": true,
      "license": "MIT",
      "bin": {
        "enkore": "cli.mjs"
      }
    },
    "node_modules/@anio-software/enkore-private.spec": {
      "version": "0.286.0",
      "resolved": "https://npm-registry.anio.software/@anio-software/enkore-private.spec/-/enkore-private.spec-0.286.0.tgz",
      "integrity": "sha512-89kIED5fwB84A6qL14YKkiImbyZRQKDnAa9NydR0wVT238revCcxx+Vye3apcxDcmIPUW/+jz0G6cEO5ogcwOA==",
      "dev": true,
      "license": "MIT",
      "engines": {
        "node": ">=23.6.x"
      }
    },
    "node_modules/@anio-software/enkore.core": {
      "version": "0.10.0",
      "resolved": "https://npm-registry.anio.software/@anio-software/enkore.core/-/enkore.core-0.10.0.tgz",
      "integrity": "sha512-AJEiFE7tpvNyL1OxYturRT4ioT8Ke5qrc8gnpJ3lYP5hk0f+di07URd9mCJNQXXA2vtxJgZIhLFUmUtDZR3Hug==",
      "dev": true,
      "license": "MIT"
    },
    "node_modules/@anio-software/enkore.target-js": {
      "version": "0.0.2-canary-69353116-2276e5c2",
      "resolved": "https://npm-registry.anio.software/@anio-software/enkore.target-js/-/enkore.target-js-0.0.2-canary-69353116-2276e5c2.tgz",
      "integrity": "sha512-b8LQOjbB3OJcJ0PN+NrFMQIWkDCqHXirGvOzFJufkynfI+zbJ+EnBtJGaEdGn9rK4uM9qvs336mpFVJ2z6LYcw==",
      "dev": true,
      "license": "MIT",
      "peerDependencies": {
        "@types/node": ">=22.7.x",
        "@types/web": ">=0.0.235"
      }
    },
    "node_modules/@aniojs/node-fs": {
      "version": "0.5.3",
      "resolved": "https://registry.npmjs.org/@aniojs/node-fs/-/node-fs-0.5.3.tgz",
      "integrity": "sha512-RRe6qvi1Yc3UY0ivnRFpnpH4DMLHoS0PmltfGatr6vkIeWnTbB6HKZzBuUkeL2kZxZe7vATqKH/alrcx0IZIYw==",
      "dev": true,
      "license": "MIT",
      "engines": {
        "node": ">=22.7.x"
      },
      "peerDependencies": {
        "@types/node": ">=22.7.x"
      }
    },
    "node_modules/@types/node": {
      "version": "22.13.4",
      "resolved": "https://registry.npmjs.org/@types/node/-/node-22.13.4.tgz",
      "integrity": "sha512-ywP2X0DYtX3y08eFVx5fNIw7/uIv8hYUKgXoK8oayJlLnKcRfEYCxWMVE1XagUdVtCJlZT1AU4LXEABW+L1Peg==",
      "dev": true,
      "license": "MIT",
      "peer": true,
      "dependencies": {
        "undici-types": "~6.20.0"
      }
    },
    "node_modules/@types/web": {
      "version": "0.0.235",
      "resolved": "https://registry.npmjs.org/@types/web/-/web-0.0.235.tgz",
      "integrity": "sha512-AAiPus7NkFGIEadalaZP/JLRKDb32eTIqpsNYhjtTKgKeMefvrh2brg0Zrfc5NxusGbKmpUcNcW9gzuY6w+FyQ==",
      "dev": true,
      "license": "Apache-2.0",
      "peer": true
    },
    "node_modules/undici-types": {
      "version": "6.20.0",
      "resolved": "https://registry.npmjs.org/undici-types/-/undici-types-6.20.0.tgz",
      "integrity": "sha512-Ny6QZ2Nju20vw1SRHe3d9jVu6gJ+4e3+MMpqu7pqE5HT6WsTSlce++GQmK5UXS8mzV8DSYHrQH+Xrf2jVcuKNg==",
      "dev": true,
      "license": "MIT",
      "peer": true
    }
  }
}
