{
  "name": "@enkore/common",
  "version": "0.0.116",
  "lockfileVersion": 3,
  "requires": true,
  "packages": {
    "": {
      "name": "@enkore/common",
      "version": "0.0.116",
      "license": "MIT",
      "devDependencies": {
        "@aniojs/node-fs": "^0.5.3",
        "@enkore-target/js-node": "^0.0.24",
        "@enkore/core": "^0.7.4",
        "@enkore/spec": "^0.268.0",
        "enkore": "^0.0.37"
      }
    },
    "node_modules/@aniojs/node-fs": {
      "version": "0.5.3",
      "resolved": "https://registry.npmjs.org/@aniojs/node-fs/-/node-fs-0.5.3.tgz",
      "integrity": "sha512-RRe6qvi1Yc3UY0ivnRFpnpH4DMLHoS0PmltfGatr6vkIeWnTbB6HKZzBuUkeL2kZxZe7vATqKH/alrcx0IZIYw==",
      "dev": true,
      "license": "MIT",
      "engines": {
        "node": ">=22.7.x"
      },
      "peerDependencies": {
        "@types/node": ">=22.7.x"
      }
    },
    "node_modules/@enkore-target/js-node": {
      "version": "0.0.24",
      "resolved": "https://registry.npmjs.org/@enkore-target/js-node/-/js-node-0.0.24.tgz",
      "integrity": "sha512-lG5kkwD00a2Xv2yx/26Y+SKcrS/57ip+6r4Qg/3K3uhwDEbHM+X3Qkv1j18Iudn/tp99uusQCiiINPat6M/+Qw==",
      "dev": true,
      "license": "MIT",
      "peerDependencies": {
        "@types/node": ">=22.7.x"
      }
    },
    "node_modules/@enkore/core": {
      "version": "0.7.4",
      "resolved": "https://registry.npmjs.org/@enkore/core/-/core-0.7.4.tgz",
      "integrity": "sha512-83cpV/h4OdLId9/Q8KFw+Z75zOmQdmzC+PHAb+R2dKwGiPqn81wwpeEISxx1QF8jVbjzH92TWi4vRN1TKJo81A==",
      "dev": true,
      "license": "MIT"
    },
    "node_modules/@enkore/spec": {
      "version": "0.268.0",
      "resolved": "https://registry.npmjs.org/@enkore/spec/-/spec-0.268.0.tgz",
      "integrity": "sha512-iMusIWcoUm3ey6rftCk5xwN6d6taN5toDjMofJFwX6HmldJtoDgyhmGt17+56Cy2Z68FsgMUG4uLvzBolJPOeg==",
      "dev": true,
      "license": "MIT"
    },
    "node_modules/@types/node": {
      "version": "22.13.4",
      "resolved": "https://registry.npmjs.org/@types/node/-/node-22.13.4.tgz",
      "integrity": "sha512-ywP2X0DYtX3y08eFVx5fNIw7/uIv8hYUKgXoK8oayJlLnKcRfEYCxWMVE1XagUdVtCJlZT1AU4LXEABW+L1Peg==",
      "dev": true,
      "license": "MIT",
      "peer": true,
      "dependencies": {
        "undici-types": "~6.20.0"
      }
    },
    "node_modules/enkore": {
      "version": "0.0.37",
      "resolved": "https://registry.npmjs.org/enkore/-/enkore-0.0.37.tgz",
      "integrity": "sha512-nILDij/ASiCIuigCYEsbNBVwIWkxqy1MN4VjuFnw4eZj4Zcju/Xke+mm//n4k+rJNQlvCgRXI5GKmRA569t/fA==",
      "dev": true,
      "license": "MIT",
      "bin": {
        "enkore": "cli.mjs"
      }
    },
    "node_modules/undici-types": {
      "version": "6.20.0",
      "resolved": "https://registry.npmjs.org/undici-types/-/undici-types-6.20.0.tgz",
      "integrity": "sha512-Ny6QZ2Nju20vw1SRHe3d9jVu6gJ+4e3+MMpqu7pqE5HT6WsTSlce++GQmK5UXS8mzV8DSYHrQH+Xrf2jVcuKNg==",
      "dev": true,
      "license": "MIT",
      "peer": true
    }
  }
}
