{
  "name": "@anio-software/enkore-private.common",
  "version": "0.0.130",
  "lockfileVersion": 3,
  "requires": true,
  "packages": {
    "": {
      "name": "@anio-software/enkore-private.common",
      "version": "0.0.130",
      "license": "MIT",
      "devDependencies": {
        "@anio-software/enkore": "^0.0.56",
        "@anio-software/enkore-private.spec": "^0.280.0",
        "@anio-software/enkore.core": "^0.10.0",
        "@anio-software/enkore.target-js-node": "^0.0.40-canary-702a983e-659d1061",
        "@aniojs/node-fs": "^0.5.3"
      }
    },
    "node_modules/@anio-software/enkore": {
      "version": "0.0.56",
      "resolved": "https://npm-registry.anio.software/@anio-software/enkore/-/enkore-0.0.56.tgz",
      "integrity": "sha512-OXuAMV7IU2gKpHGKwTkblCDP8tho4Ex16oH7l2Pamw+ccATGrCdRXKSVcGuUbrbgLKvJsQx38mFkt/LgaSfj5A==",
      "dev": true,
      "license": "MIT",
      "bin": {
        "enkore": "cli.mjs"
      }
    },
    "node_modules/@anio-software/enkore-private.spec": {
      "version": "0.280.0",
      "resolved": "https://npm-registry.anio.software/@anio-software/enkore-private.spec/-/enkore-private.spec-0.280.0.tgz",
      "integrity": "sha512-PM721oUkElyHGMg0/rWRDbs8bNwJMemFYca7/IX1Q/BbfCKoBJFf9BkD8jg/gBV9hznvp5Mwro7T8Jk6vBRiSQ==",
      "dev": true,
      "license": "MIT",
      "engines": {
        "node": ">=23.6.x"
      }
    },
    "node_modules/@anio-software/enkore.core": {
      "version": "0.10.0",
      "resolved": "https://npm-registry.anio.software/@anio-software/enkore.core/-/enkore.core-0.10.0.tgz",
      "integrity": "sha512-AJEiFE7tpvNyL1OxYturRT4ioT8Ke5qrc8gnpJ3lYP5hk0f+di07URd9mCJNQXXA2vtxJgZIhLFUmUtDZR3Hug==",
      "dev": true,
      "license": "MIT"
    },
    "node_modules/@anio-software/enkore.target-js-node": {
      "version": "0.0.40-canary-702a983e-659d1061",
      "resolved": "https://npm-registry.anio.software/@anio-software/enkore.target-js-node/-/enkore.target-js-node-0.0.40-canary-702a983e-659d1061.tgz",
      "integrity": "sha512-4nmo/G7MRhD+yS2PKJzMCMs86HHAZQmbG/pBF4p5Hk577nLVfbul2gfFCtZGXgNdZsAdsX3wnVNnqe3+Ts563A==",
      "dev": true,
      "license": "MIT",
      "peerDependencies": {
        "@types/node": ">=22.7.x"
      }
    },
    "node_modules/@aniojs/node-fs": {
      "version": "0.5.3",
      "resolved": "https://registry.npmjs.org/@aniojs/node-fs/-/node-fs-0.5.3.tgz",
      "integrity": "sha512-RRe6qvi1Yc3UY0ivnRFpnpH4DMLHoS0PmltfGatr6vkIeWnTbB6HKZzBuUkeL2kZxZe7vATqKH/alrcx0IZIYw==",
      "dev": true,
      "license": "MIT",
      "engines": {
        "node": ">=22.7.x"
      },
      "peerDependencies": {
        "@types/node": ">=22.7.x"
      }
    },
    "node_modules/@types/node": {
      "version": "22.13.4",
      "resolved": "https://registry.npmjs.org/@types/node/-/node-22.13.4.tgz",
      "integrity": "sha512-ywP2X0DYtX3y08eFVx5fNIw7/uIv8hYUKgXoK8oayJlLnKcRfEYCxWMVE1XagUdVtCJlZT1AU4LXEABW+L1Peg==",
      "dev": true,
      "license": "MIT",
      "peer": true,
      "dependencies": {
        "undici-types": "~6.20.0"
      }
    },
    "node_modules/undici-types": {
      "version": "6.20.0",
      "resolved": "https://registry.npmjs.org/undici-types/-/undici-types-6.20.0.tgz",
      "integrity": "sha512-Ny6QZ2Nju20vw1SRHe3d9jVu6gJ+4e3+MMpqu7pqE5HT6WsTSlce++GQmK5UXS8mzV8DSYHrQH+Xrf2jVcuKNg==",
      "dev": true,
      "license": "MIT",
      "peer": true
    }
  }
}
